// !$*UTF8*$!
{
	archiveVersion = 1;
	classes = {
	};
	objectVersion = 56;
	objects = {

/* Begin PBXBuildFile section */
		0CFBEBF3E82F8CAFDD299718 /* LibraryView.swift in Sources */ = {isa = PBXBuildFile; fileRef = B56A8841AF99B2422E9F26A5 /* LibraryView.swift */; };
		0EC5B114FA482DA96E18D17E /* SearchView.swift in Sources */ = {isa = PBXBuildFile; fileRef = 0B641C1E84C37A6A1F2B3869 /* SearchView.swift */; };
		2CAFEC8D879AA60B35CA526A = {isa = PBXBuildFile; fileRef = F65EBD8CDAC3B8F695D021CF; };
		322180658A7A40B716FD6FE7 /* PodcastView.swift in Sources */ = {isa = PBXBuildFile; fileRef = E416E3A875DC6730D0A0DB90 /* PodcastView.swift */; };
		366C052B27F2FECD258853EB /* QueueView.swift in Sources */ = {isa = PBXBuildFile; fileRef = D93CD43E71868DB1B23962D7 /* QueueView.swift */; };
		4A7C2E91D03B58F6A1E4C7B2 /* Assets.xcassets in Resources */ = {isa = PBXBuildFile; fileRef = 9E3F6A07B2D14C85E6A1F3D9 /* Assets.xcassets */; };
		6A9AFF4B84ECC8BBB1F90668 /* Core/SessionStore.swift in Sources */ = {isa = PBXBuildFile; fileRef = 77C4331C2AF45370D4B5CB18 /* Core/SessionStore.swift */; };
		6F68F06B673CE6B12194ED83 /* PlaybackTests.swift in Sources */ = {isa = PBXBuildFile; fileRef = 20A41063775FC41C3DF79D8A /* PlaybackTests.swift */; };
		76802BE222B29E2564AB0137 /* OnboardingView.swift in Sources */ = {isa = PBXBuildFile; fileRef = 2FD9A62BC0E37CF364CFA2E2 /* OnboardingView.swift */; };
		7B593FE8762E76C85CC81150 /* Core/APIClient.swift in Sources */ = {isa = PBXBuildFile; fileRef = 3C2869B1B1D5A358576E332C /* Core/APIClient.swift */; };
		7D4E88272EBF9DE023F2D8B0 /* Components.swift in Sources */ = {isa = PBXBuildFile; fileRef = CB3C7E807DE826D4DA0ED18C /* Components.swift */; };
		868D1B2DA0B00B16D87042DD /* Fonts/InstrumentSerif-Italic.ttf in Resources */ = {isa = PBXBuildFile; fileRef = 7560420A003084CB2158B661 /* Fonts/InstrumentSerif-Italic.ttf */; };
		87A60D1E5A97DF14FF9FB808 = {isa = PBXBuildFile; fileRef = 751258073276A4561FB50C12; };
		8DAEA6A3A34B7B9C8E55EB45 /* Core/Models.swift in Sources */ = {isa = PBXBuildFile; fileRef = E2A357A35D6089D818A2411D /* Core/Models.swift */; };
		909BCC4BDD2762528AB96152 /* Core/ShowNotes.swift in Sources */ = {isa = PBXBuildFile; fileRef = 260F9B201B85D962396DD359 /* Core/ShowNotes.swift */; };
		980DE9686E8D84937EE46ECA /* NowPlayingView.swift in Sources */ = {isa = PBXBuildFile; fileRef = 929F53E424189EAB89F33BA4 /* NowPlayingView.swift */; };
		A01000000000000000000002 /* Playback/PlaybackTransport.swift in Sources */ = {isa = PBXBuildFile; fileRef = A01000000000000000000001 /* Playback/PlaybackTransport.swift */; };
		A01000000000000000000004 /* Playback/AVPlayerTransport.swift in Sources */ = {isa = PBXBuildFile; fileRef = A01000000000000000000003 /* Playback/AVPlayerTransport.swift */; };
		A01500000000000000000012 /* Playback/Native/PodcstLimiterAudioUnit.mm in Sources */ = {isa = PBXBuildFile; fileRef = A01500000000000000000002 /* Playback/Native/PodcstLimiterAudioUnit.mm */; };
		A01500000000000000000014 /* Playback/LocalAudioDecoder.swift in Sources */ = {isa = PBXBuildFile; fileRef = A01500000000000000000004 /* Playback/LocalAudioDecoder.swift */; };
		A01500000000000000000015 /* Playback/LocalAudioTransport.swift in Sources */ = {isa = PBXBuildFile; fileRef = A01500000000000000000005 /* Playback/LocalAudioTransport.swift */; };
		A01500000000000000000016 /* LocalAudioHarnessView.swift in Sources */ = {isa = PBXBuildFile; fileRef = A01500000000000000000006 /* LocalAudioHarnessView.swift */; };
		A01500000000000000000017 /* LocalAudioTests.swift in Sources */ = {isa = PBXBuildFile; fileRef = A01500000000000000000007 /* LocalAudioTests.swift */; };
		A01500000000000000000018 /* NativeRenderTests.mm in Sources */ = {isa = PBXBuildFile; fileRef = A01500000000000000000008 /* NativeRenderTests.mm */; };
		A3E541D0B85A4C6F9D3E7B21 /* FeedCacheTests.swift in Sources */ = {isa = PBXBuildFile; fileRef = B8D72E4C0F614A5C9E2F1D36 /* FeedCacheTests.swift */; };
		A5EF66A8FB7D9FC358BC6568 = {isa = PBXBuildFile; fileRef = 4EB1CF9AC787100216BACF87; };
		A74D0AEC5B22145C18B557DE /* Theme.swift in Sources */ = {isa = PBXBuildFile; fileRef = E95984C2429031F651BE7C6F /* Theme.swift */; };
		A9F95465554040AFD6737C4A /* Core/LibraryStore.swift in Sources */ = {isa = PBXBuildFile; fileRef = 60117ACA4B7F8539E828D834 /* Core/LibraryStore.swift */; };
		AF4EF711E70D4F757A9BF4EF = {isa = PBXBuildFile; fileRef = 9BCC9A45B925432B633FA664; };
		C5D57C3090625EEBBCFC79BF /* Fonts/Inter.ttf in Resources */ = {isa = PBXBuildFile; fileRef = 2FF58CC5CDAD096FA7DE89F1 /* Fonts/Inter.ttf */; };
		D07D33E6EB9F55B36B8D3605 /* RootView.swift in Sources */ = {isa = PBXBuildFile; fileRef = 115A9B040A2E64A464D8C75F /* RootView.swift */; };
		D7D4261645E1200A88D5E7EF /* PodcstApp.swift in Sources */ = {isa = PBXBuildFile; fileRef = F372CC719A9355C7B57516AF /* PodcstApp.swift */; };
		D85A7146F885996C903E05C6 /* DiscoverView.swift in Sources */ = {isa = PBXBuildFile; fileRef = B941FFDDBFA04FFC50847F9C /* DiscoverView.swift */; };
		E835B2CD5F887821EE8FFC7F /* Playback/PlaybackController.swift in Sources */ = {isa = PBXBuildFile; fileRef = 30B7386D236ECEA70A9B7EB8 /* Playback/PlaybackController.swift */; };
		EF8431AC2777E551414F7BB6 /* SettingsView.swift in Sources */ = {isa = PBXBuildFile; fileRef = F754A39CE6B3C70CF8228342 /* SettingsView.swift */; };
		F342B6E15A36F4D370CDC6A4 = {isa = PBXBuildFile; fileRef = 66901724E3390218A59F91E6; };
		F693358E0569879CCE89CB31 /* Fonts/InstrumentSerif-Regular.ttf in Resources */ = {isa = PBXBuildFile; fileRef = 193AA15CFD5F283A14F3D79A /* Fonts/InstrumentSerif-Regular.ttf */; };
		83D7524C10DFCCF0D1F83349 = {isa = PBXBuildFile; fileRef = 0ED73CCFF72D72605652C392; };
		85B85935D96E07FFAA9B6BEC = {isa = PBXBuildFile; fileRef = 60115100CDBB57EE483CEFBF; };
		7220E0F24ED6418357D9E1F0 = {isa = PBXBuildFile; fileRef = 33AF693903248698639AE904; };
		5C4ACB03DF29597B3B7E42E8 = {isa = PBXBuildFile; fileRef = 6D747C3F9FF32E7F3DA9C178; };
		9B2DB46CC84579F8A7D45C3D = {isa = PBXBuildFile; fileRef = 30F550D855C0FE0D3150A7A1; };
		0719F681B5A307B24E29F31E = {isa = PBXBuildFile; fileRef = 1C00679BE348417E142A1D3B; };
		91E35F20E47383995C491E72 = {isa = PBXBuildFile; fileRef = 34A3A3D752678985E2838520; };
		F649DE507EF884AE5243A416 = {isa = PBXBuildFile; fileRef = DDAEA93B53C6007FC2948986; };
		42D95E08762A98DA18C16021 = {isa = PBXBuildFile; fileRef = A690F8948F34D9FD2269A63E; };
		C0D52B7E04F2923BCB429365 = {isa = PBXBuildFile; fileRef = 81C26C3039C5F5764A76A028; };
		5F7FC50569CEFA2E61D4BD5F = {isa = PBXBuildFile; fileRef = F1000643AFB0573AAC0A3ECD; };
		5EF630DE2C85684AA6F0151F = {isa = PBXBuildFile; fileRef = 4ECB540D702E141A18DDE982; };
		582540813314419E625212E3 = {isa = PBXBuildFile; fileRef = 22F4A8E234B2001B7205A91C; };
		60395D230B1BE0B0918BEA42 = {isa = PBXBuildFile; fileRef = 069B4F2A62D3542804C4B51C; };
		3FBEDBE118BCE9D655083028 = {isa = PBXBuildFile; fileRef = 18E14DA3DD9ED2F8E6C11FEF; };
		7693D81C239C225BC1344815 = {isa = PBXBuildFile; fileRef = 9D5CECAB09B2F497B2D8B156; };
		01831B70CA7AE0D8732FD73F = {isa = PBXBuildFile; fileRef = 803D70EC12218D1A1A8668EE; };
		D92800000000000000000002 = {isa = PBXBuildFile; fileRef = D92800000000000000000001; };
		AB2000000000000000000100 = {isa = PBXBuildFile; fileRef = 803D70EC12218D1A1A8668EE; };
		AB2000000000000000000101 = {isa = PBXBuildFile; fileRef = 4ECB540D702E141A18DDE982; };
		AB2000000000000000000102 = {isa = PBXBuildFile; fileRef = 81C26C3039C5F5764A76A028; };
		AB2000000000000000000103 = {isa = PBXBuildFile; fileRef = A690F8948F34D9FD2269A63E; };
		AB2000000000000000000104 = {isa = PBXBuildFile; fileRef = DDAEA93B53C6007FC2948986; };
		AB2000000000000000000105 = {isa = PBXBuildFile; fileRef = 1C00679BE348417E142A1D3B; };
		AB2000000000000000000106 = {isa = PBXBuildFile; fileRef = 30F550D855C0FE0D3150A7A1; };
		AB2000000000000000000107 = {isa = PBXBuildFile; fileRef = 6D747C3F9FF32E7F3DA9C178; };
		AB2000000000000000000108 = {isa = PBXBuildFile; fileRef = 33AF693903248698639AE904; };
		AB2000000000000000000109 = {isa = PBXBuildFile; fileRef = 60115100CDBB57EE483CEFBF; };
		AB2000000000000000000110 = {isa = PBXBuildFile; fileRef = 751258073276A4561FB50C12; };
		AB2000000000000000000111 = {isa = PBXBuildFile; fileRef = 66901724E3390218A59F91E6; };
		AB2000000000000000000112 = {isa = PBXBuildFile; fileRef = 4EB1CF9AC787100216BACF87; };
		AB2000000000000000000113 = {isa = PBXBuildFile; fileRef = F65EBD8CDAC3B8F695D021CF; };
		AB2000000000000000000114 = {isa = PBXBuildFile; fileRef = A01500000000000000000005; };
		AB2000000000000000000115 = {isa = PBXBuildFile; fileRef = A01500000000000000000004; };
		AB2000000000000000000116 = {isa = PBXBuildFile; fileRef = A01500000000000000000002; };
		AB2000000000000000000117 = {isa = PBXBuildFile; fileRef = 3C2869B1B1D5A358576E332C; };
		AB2000000000000000000118 = {isa = PBXBuildFile; fileRef = 60117ACA4B7F8539E828D834; };
		AB2000000000000000000119 = {isa = PBXBuildFile; fileRef = E2A357A35D6089D818A2411D; };
		AB2000000000000000000120 = {isa = PBXBuildFile; fileRef = 77C4331C2AF45370D4B5CB18; };
		AB2000000000000000000121 = {isa = PBXBuildFile; fileRef = B941FFDDBFA04FFC50847F9C; };
		AB2000000000000000000122 = {isa = PBXBuildFile; fileRef = B56A8841AF99B2422E9F26A5; };
		AB2000000000000000000123 = {isa = PBXBuildFile; fileRef = A01000000000000000000001; };
		AB2000000000000000000124 = {isa = PBXBuildFile; fileRef = A01000000000000000000003; };
		AB2000000000000000000125 = {isa = PBXBuildFile; fileRef = 30B7386D236ECEA70A9B7EB8; };
		AB2000000000000000000126 = {isa = PBXBuildFile; fileRef = D93CD43E71868DB1B23962D7; };
		AB2000000000000000000127 = {isa = PBXBuildFile; fileRef = 115A9B040A2E64A464D8C75F; };
		AB2000000000000000000128 = {isa = PBXBuildFile; fileRef = F754A39CE6B3C70CF8228342; };
		AB2000000000000000000129 = {isa = PBXBuildFile; fileRef = E95984C2429031F651BE7C6F; };
		AB2000000000000000000130 = {isa = PBXBuildFile; fileRef = E416E3A875DC6730D0A0DB90; };
		AB2000000000000000000131 = {isa = PBXBuildFile; fileRef = 2FD9A62BC0E37CF364CFA2E2; };
		AB2000000000000000000132 = {isa = PBXBuildFile; fileRef = 0B641C1E84C37A6A1F2B3869; };
		AB2000000000000000000133 = {isa = PBXBuildFile; fileRef = 929F53E424189EAB89F33BA4; };
		AB2000000000000000000134 = {isa = PBXBuildFile; fileRef = CB3C7E807DE826D4DA0ED18C; };
		AB2000000000000000000135 = {isa = PBXBuildFile; fileRef = 260F9B201B85D962396DD359; };
		AB1000000000000000000033 = {isa = PBXBuildFile; fileRef = 193AA15CFD5F283A14F3D79A; };
		AB1000000000000000000034 = {isa = PBXBuildFile; fileRef = 7560420A003084CB2158B661; };
		AB1000000000000000000035 = {isa = PBXBuildFile; fileRef = 2FF58CC5CDAD096FA7DE89F1; };
		AB1000000000000000000031 = {isa = PBXBuildFile; fileRef = AB1000000000000000000021; };
		AB1000000000000000000032 = {isa = PBXBuildFile; fileRef = AB1000000000000000000022; };
		C6D5778C51D9818D1993865F = {isa = PBXBuildFile; fileRef = 1C8D790B0680332B67AD4D78; };
		E7968722E97668A45D8C589A = {isa = PBXBuildFile; fileRef = 1C8D790B0680332B67AD4D78; };
		2BD41B943113E142AF7D40DE = {isa = PBXBuildFile; fileRef = 4A0A9B4B81C3FA0B6B09C2B6; };
		A5D41C5980F53DF441B6F24B = {isa = PBXBuildFile; fileRef = 4A0A9B4B81C3FA0B6B09C2B6; };
		40591B621A00B21FAF4C2802 = {isa = PBXBuildFile; fileRef = C96F62A08467C6B284423573; };
		271ECE1C2989812631696FC6 = {isa = PBXBuildFile; fileRef = C96F62A08467C6B284423573; };
		54DE3C565A20C8A6F59F7004 = {isa = PBXBuildFile; fileRef = 4D9F13472DBF461ED5F6D58E; };
		E82783F30BFA26C5D55FE689 = {isa = PBXBuildFile; fileRef = 2AB743E4ADA8F159A37D017C; };
		FE29041F6C9214B6F4681CCD = {isa = PBXBuildFile; fileRef = 38C22A5AA53107A39CB0D89D; };
		511C95E86F50246997EF70AD = {isa = PBXBuildFile; fileRef = 0065D03CD093FEF4214AB838; };
		BDF5D5EBC3D268368AABF26A = {isa = PBXBuildFile; fileRef = B3DCC8C092A2135095B93AD7; };
		157F7254FC2C6775D18121A4 = {isa = PBXBuildFile; fileRef = 16002EED7D5BD78F0FC19E6C; };
		C7D2332023618C336CD89BD7 = {isa = PBXBuildFile; fileRef = 90F2ADBE7B36EF07CB46E1CF; };
		35224A28FC434849EDE18D6C = {isa = PBXBuildFile; fileRef = 30A1249A8DFB4652F53CE56D; };
		D0CF9999271A713BB3876BB4 = {isa = PBXBuildFile; fileRef = D76F7DCE83148E0977D42F4F; };
		82189A7933BEEDF621E48A00 = {isa = PBXBuildFile; fileRef = 2804D820C382177C62E11228; };
		0D2DAEFDC659968964551E41 = {isa = PBXBuildFile; fileRef = 2804D820C382177C62E11228; };
		F1EBB576915CDFAD37BDEC80 = {isa = PBXBuildFile; fileRef = CCF1F07C6DEA6CCD122B6BC1; };
		AC2800000000000000000011 = {isa = PBXBuildFile; fileRef = AC2800000000000000000001; };
		AC2800000000000000000012 = {isa = PBXBuildFile; fileRef = AC2800000000000000000001; };
		AC2800000000000000000013 = {isa = PBXBuildFile; fileRef = AC2800000000000000000002; };
		AC2800000000000000000014 = {isa = PBXBuildFile; fileRef = AC2800000000000000000003; };
/* End PBXBuildFile section */

/* Begin PBXContainerItemProxy section */
		C0A1B2C3D4E5F60718293A4B /* PBXContainerItemProxy */ = {
			isa = PBXContainerItemProxy;
			containerPortal = 98F54143AB4E86B28C3AFEE0 /* Project object */;
			proxyType = 1;
			remoteGlobalIDString = F75109BEB4DD8800DA6B45F8;
			remoteInfo = Podcst;
		};
		AB1000000000000000000005 = {
			isa = PBXContainerItemProxy;
			containerPortal = 98F54143AB4E86B28C3AFEE0 /* Project object */;
			proxyType = 1;
			remoteGlobalIDString = AB1000000000000000000001;
			remoteInfo = PodcstAudioEngine;
		};
		AB1000000000000000000007 = {
			isa = PBXContainerItemProxy;
			containerPortal = 98F54143AB4E86B28C3AFEE0 /* Project object */;
			proxyType = 1;
			remoteGlobalIDString = AB1000000000000000000001;
			remoteInfo = PodcstAudioEngine;
		};
/* End PBXContainerItemProxy section */

/* Begin PBXFileReference section */
		0B641C1E84C37A6A1F2B3869 /* SearchView.swift */ = {isa = PBXFileReference; lastKnownFileType = sourcecode.swift; path = SearchView.swift; sourceTree = "<group>"; };
		115A9B040A2E64A464D8C75F /* RootView.swift */ = {isa = PBXFileReference; lastKnownFileType = sourcecode.swift; path = RootView.swift; sourceTree = "<group>"; };
		193AA15CFD5F283A14F3D79A /* Fonts/InstrumentSerif-Regular.ttf */ = {isa = PBXFileReference; lastKnownFileType = file; path = "Fonts/InstrumentSerif-Regular.ttf"; sourceTree = "<group>"; };
		20A41063775FC41C3DF79D8A /* PlaybackTests.swift */ = {isa = PBXFileReference; lastKnownFileType = sourcecode.swift; path = PlaybackTests.swift; sourceTree = "<group>"; };
		260F9B201B85D962396DD359 /* Core/ShowNotes.swift */ = {isa = PBXFileReference; lastKnownFileType = sourcecode.swift; path = Core/ShowNotes.swift; sourceTree = "<group>"; };
		2FD9A62BC0E37CF364CFA2E2 /* OnboardingView.swift */ = {isa = PBXFileReference; lastKnownFileType = sourcecode.swift; path = OnboardingView.swift; sourceTree = "<group>"; };
		2FF58CC5CDAD096FA7DE89F1 /* Fonts/Inter.ttf */ = {isa = PBXFileReference; lastKnownFileType = file; path = Fonts/Inter.ttf; sourceTree = "<group>"; };
		30B7386D236ECEA70A9B7EB8 /* Playback/PlaybackController.swift */ = {isa = PBXFileReference; lastKnownFileType = sourcecode.swift; path = Playback/PlaybackController.swift; sourceTree = "<group>"; };
		3C2869B1B1D5A358576E332C /* Core/APIClient.swift */ = {isa = PBXFileReference; lastKnownFileType = sourcecode.swift; path = Core/APIClient.swift; sourceTree = "<group>"; };
		4E783A9E10D2A8ABA38CD11C /* Podcst.app */ = {isa = PBXFileReference; explicitFileType = wrapper.application; includeInIndex = 0; path = Podcst.app; sourceTree = BUILT_PRODUCTS_DIR; };
		4EB1CF9AC787100216BACF87 = {isa = PBXFileReference; lastKnownFileType = sourcecode.swift; path = Playback/PlaybackProgressWriter.swift; sourceTree = "<group>"; };
		60117ACA4B7F8539E828D834 /* Core/LibraryStore.swift */ = {isa = PBXFileReference; lastKnownFileType = sourcecode.swift; path = Core/LibraryStore.swift; sourceTree = "<group>"; };
		66901724E3390218A59F91E6 = {isa = PBXFileReference; lastKnownFileType = sourcecode.swift; path = Playback/PCMDecoder.swift; sourceTree = "<group>"; };
		6C7CCDEB3609F1FAA874E941 /* PodcstTests.xctest */ = {isa = PBXFileReference; explicitFileType = wrapper.cfbundle; includeInIndex = 0; path = PodcstTests.xctest; sourceTree = BUILT_PRODUCTS_DIR; };
		751258073276A4561FB50C12 = {isa = PBXFileReference; lastKnownFileType = sourcecode.swift; path = AudioSettingsView.swift; sourceTree = "<group>"; };
		7560420A003084CB2158B661 /* Fonts/InstrumentSerif-Italic.ttf */ = {isa = PBXFileReference; lastKnownFileType = file; path = "Fonts/InstrumentSerif-Italic.ttf"; sourceTree = "<group>"; };
		77C4331C2AF45370D4B5CB18 /* Core/SessionStore.swift */ = {isa = PBXFileReference; lastKnownFileType = sourcecode.swift; path = Core/SessionStore.swift; sourceTree = "<group>"; };
		929F53E424189EAB89F33BA4 /* NowPlayingView.swift */ = {isa = PBXFileReference; lastKnownFileType = sourcecode.swift; path = NowPlayingView.swift; sourceTree = "<group>"; };
		9BCC9A45B925432B633FA664 = {isa = PBXFileReference; lastKnownFileType = sourcecode.swift; path = AudioValidationTests.swift; sourceTree = "<group>"; };
		9E3F6A07B2D14C85E6A1F3D9 /* Assets.xcassets */ = {isa = PBXFileReference; lastKnownFileType = folder.assetcatalog; path = Assets.xcassets; sourceTree = "<group>"; };
		A01000000000000000000001 /* Playback/PlaybackTransport.swift */ = {isa = PBXFileReference; lastKnownFileType = sourcecode.swift; path = Playback/PlaybackTransport.swift; sourceTree = "<group>"; };
		A01000000000000000000003 /* Playback/AVPlayerTransport.swift */ = {isa = PBXFileReference; lastKnownFileType = sourcecode.swift; path = Playback/AVPlayerTransport.swift; sourceTree = "<group>"; };
		A01500000000000000000001 /* Playback/Native/PodcstLimiterAudioUnit.h */ = {isa = PBXFileReference; lastKnownFileType = sourcecode.c.h; path = Playback/Native/PodcstLimiterAudioUnit.h; sourceTree = "<group>"; };
		A01500000000000000000002 /* Playback/Native/PodcstLimiterAudioUnit.mm */ = {isa = PBXFileReference; lastKnownFileType = sourcecode.cpp.objcpp; path = Playback/Native/PodcstLimiterAudioUnit.mm; sourceTree = "<group>"; };
		A01500000000000000000003 /* Playback/Native/PodcstAudio-Bridging-Header.h */ = {isa = PBXFileReference; lastKnownFileType = sourcecode.c.h; path = "Playback/Native/PodcstAudio-Bridging-Header.h"; sourceTree = "<group>"; };
		A01500000000000000000004 /* Playback/LocalAudioDecoder.swift */ = {isa = PBXFileReference; lastKnownFileType = sourcecode.swift; path = Playback/LocalAudioDecoder.swift; sourceTree = "<group>"; };
		A01500000000000000000005 /* Playback/LocalAudioTransport.swift */ = {isa = PBXFileReference; lastKnownFileType = sourcecode.swift; path = Playback/LocalAudioTransport.swift; sourceTree = "<group>"; };
		A01500000000000000000006 /* LocalAudioHarnessView.swift */ = {isa = PBXFileReference; lastKnownFileType = sourcecode.swift; path = LocalAudioHarnessView.swift; sourceTree = "<group>"; };
		A01500000000000000000007 /* LocalAudioTests.swift */ = {isa = PBXFileReference; lastKnownFileType = sourcecode.swift; path = LocalAudioTests.swift; sourceTree = "<group>"; };
		A01500000000000000000008 /* NativeRenderTests.mm */ = {isa = PBXFileReference; lastKnownFileType = sourcecode.cpp.objcpp; path = NativeRenderTests.mm; sourceTree = "<group>"; };
		B56A8841AF99B2422E9F26A5 /* LibraryView.swift */ = {isa = PBXFileReference; lastKnownFileType = sourcecode.swift; path = LibraryView.swift; sourceTree = "<group>"; };
		B8D72E4C0F614A5C9E2F1D36 /* FeedCacheTests.swift */ = {isa = PBXFileReference; lastKnownFileType = sourcecode.swift; path = FeedCacheTests.swift; sourceTree = "<group>"; };
		B941FFDDBFA04FFC50847F9C /* DiscoverView.swift */ = {isa = PBXFileReference; lastKnownFileType = sourcecode.swift; path = DiscoverView.swift; sourceTree = "<group>"; };
		CB3C7E807DE826D4DA0ED18C /* Components.swift */ = {isa = PBXFileReference; lastKnownFileType = sourcecode.swift; path = Components.swift; sourceTree = "<group>"; };
		D93CD43E71868DB1B23962D7 /* QueueView.swift */ = {isa = PBXFileReference; lastKnownFileType = sourcecode.swift; path = QueueView.swift; sourceTree = "<group>"; };
		E2A357A35D6089D818A2411D /* Core/Models.swift */ = {isa = PBXFileReference; lastKnownFileType = sourcecode.swift; path = Core/Models.swift; sourceTree = "<group>"; };
		E416E3A875DC6730D0A0DB90 /* PodcastView.swift */ = {isa = PBXFileReference; lastKnownFileType = sourcecode.swift; path = PodcastView.swift; sourceTree = "<group>"; };
		E95984C2429031F651BE7C6F /* Theme.swift */ = {isa = PBXFileReference; lastKnownFileType = sourcecode.swift; path = Theme.swift; sourceTree = "<group>"; };
		F372CC719A9355C7B57516AF /* PodcstApp.swift */ = {isa = PBXFileReference; lastKnownFileType = sourcecode.swift; path = PodcstApp.swift; sourceTree = "<group>"; };
		F65EBD8CDAC3B8F695D021CF = {isa = PBXFileReference; lastKnownFileType = sourcecode.swift; path = Playback/AudioPreferences.swift; sourceTree = "<group>"; };
		F754A39CE6B3C70CF8228342 /* SettingsView.swift */ = {isa = PBXFileReference; lastKnownFileType = sourcecode.swift; path = SettingsView.swift; sourceTree = "<group>"; };
		F9D6E69B6BD7D99E5E6B4C1A /* Podcst.entitlements */ = {isa = PBXFileReference; lastKnownFileType = text.plist.entitlements; path = Podcst.entitlements; sourceTree = "<group>"; };
		0ED73CCFF72D72605652C392 = {isa = PBXFileReference; lastKnownFileType = sourcecode.swift; path = "AudioPreferencesTests.swift"; sourceTree = "<group>"; };
		60115100CDBB57EE483CEFBF = {isa = PBXFileReference; lastKnownFileType = sourcecode.swift; path = "Playback/Media/MediaTypes.swift"; sourceTree = "<group>"; };
		33AF693903248698639AE904 = {isa = PBXFileReference; lastKnownFileType = sourcecode.swift; path = "Playback/Media/HTTPMediaByteSource.swift"; sourceTree = "<group>"; };
		6D747C3F9FF32E7F3DA9C178 = {isa = PBXFileReference; lastKnownFileType = sourcecode.swift; path = "Playback/Media/MediaStore.swift"; sourceTree = "<group>"; };
		30F550D855C0FE0D3150A7A1 = {isa = PBXFileReference; lastKnownFileType = sourcecode.swift; path = "Playback/Media/ProgressiveAudioDecoder.swift"; sourceTree = "<group>"; };
		1C00679BE348417E142A1D3B = {isa = PBXFileReference; lastKnownFileType = sourcecode.swift; path = "Playback/AudioProcessingDecoder.swift"; sourceTree = "<group>"; };
		34A3A3D752678985E2838520 = {isa = PBXFileReference; lastKnownFileType = sourcecode.swift; path = "MediaTests.swift"; sourceTree = "<group>"; };
		DDAEA93B53C6007FC2948986 = {isa = PBXFileReference; lastKnownFileType = sourcecode.swift; path = "Playback/RoutingAudioTransport.swift"; sourceTree = "<group>"; };
		A690F8948F34D9FD2269A63E = {isa = PBXFileReference; lastKnownFileType = sourcecode.swift; path = "DownloadsView.swift"; sourceTree = "<group>"; };
		81C26C3039C5F5764A76A028 = {isa = PBXFileReference; lastKnownFileType = sourcecode.swift; path = "DownloadControls.swift"; sourceTree = "<group>"; };
		F1000643AFB0573AAC0A3ECD = {isa = PBXFileReference; lastKnownFileType = sourcecode.swift; path = "SessionTests.swift"; sourceTree = "<group>"; };
		275A938D623C4E7A346A1823 = {isa = PBXFileReference; lastKnownFileType = sourcecode.c.h; path = "Playback/Native/PodcstHandoffAudioUnit.h"; sourceTree = "<group>"; };
		4ECB540D702E141A18DDE982 = {isa = PBXFileReference; lastKnownFileType = sourcecode.cpp.objcpp; path = "Playback/Native/PodcstHandoffAudioUnit.mm"; sourceTree = "<group>"; };
		22F4A8E234B2001B7205A91C = {isa = PBXFileReference; lastKnownFileType = sourcecode.cpp.objcpp; path = "HandoffRenderTests.mm"; sourceTree = "<group>"; };
		069B4F2A62D3542804C4B51C = {isa = PBXFileReference; lastKnownFileType = sourcecode.swift; path = "EffectsIntegrationTests.swift"; sourceTree = "<group>"; };
		18E14DA3DD9ED2F8E6C11FEF = {isa = PBXFileReference; lastKnownFileType = sourcecode.swift; path = "AudioOutputMeter.swift"; sourceTree = "<group>"; };
		9D5CECAB09B2F497B2D8B156 = {isa = PBXFileReference; lastKnownFileType = sourcecode.swift; path = "EffectsPeakTests.swift"; sourceTree = "<group>"; };
		F51489B7D9F10CD28113E8D5 = {isa = PBXFileReference; lastKnownFileType = sourcecode.c.h; path = "Playback/Native/PodcstPCMSourceAudioUnit.h"; sourceTree = "<group>"; };
		803D70EC12218D1A1A8668EE = {isa = PBXFileReference; lastKnownFileType = sourcecode.cpp.objcpp; path = "Playback/Native/PodcstPCMSourceAudioUnit.mm"; sourceTree = "<group>"; };
		D92800000000000000000001 = {isa = PBXFileReference; lastKnownFileType = sourcecode.swift; path = AudioLabCatalogView.swift; sourceTree = "<group>"; };
		AB1000000000000000000014 /* AudioLab.app */ = {isa = PBXFileReference; explicitFileType = wrapper.application; includeInIndex = 0; path = AudioLab.app; sourceTree = BUILT_PRODUCTS_DIR; };
		AB1000000000000000000021 = {isa = PBXFileReference; lastKnownFileType = sourcecode.swift; path = AudioLabApp.swift; sourceTree = "<group>"; };
		AB1000000000000000000022 = {isa = PBXFileReference; lastKnownFileType = folder.assetcatalog; path = Assets.xcassets; sourceTree = "<group>"; };
		AB1000000000000000000023 = {isa = PBXFileReference; lastKnownFileType = text.plist.xml; path = Info.plist; sourceTree = "<group>"; };
		AB1000000000000000000024 = {isa = PBXFileReference; lastKnownFileType = text.xcconfig; path = App.xcconfig; sourceTree = "<group>"; };
		1C8D790B0680332B67AD4D78 = {isa = PBXFileReference; lastKnownFileType = sourcecode.swift; path = "Playback/AudioInspection.swift"; sourceTree = "<group>"; };
		4A0A9B4B81C3FA0B6B09C2B6 = {isa = PBXFileReference; lastKnownFileType = sourcecode.swift; path = "Playback/AudioSignalMeter.swift"; sourceTree = "<group>"; };
		C96F62A08467C6B284423573 = {isa = PBXFileReference; lastKnownFileType = sourcecode.swift; path = "Playback/AudioComparison.swift"; sourceTree = "<group>"; };
		4D9F13472DBF461ED5F6D58E = {isa = PBXFileReference; lastKnownFileType = sourcecode.swift; path = "AudioInspectionTests.swift"; sourceTree = "<group>"; };
		2AB743E4ADA8F159A37D017C = {isa = PBXFileReference; lastKnownFileType = sourcecode.swift; path = "AudioSignalMeterTests.swift"; sourceTree = "<group>"; };
		38C22A5AA53107A39CB0D89D = {isa = PBXFileReference; lastKnownFileType = sourcecode.swift; path = "AudioComparisonTests.swift"; sourceTree = "<group>"; };
		0065D03CD093FEF4214AB838 = {isa = PBXFileReference; lastKnownFileType = sourcecode.swift; path = "AudioLabInspectionSession.swift"; sourceTree = "<group>"; };
		B3DCC8C092A2135095B93AD7 = {isa = PBXFileReference; lastKnownFileType = sourcecode.swift; path = "AudioLabInspectorView.swift"; sourceTree = "<group>"; };
		16002EED7D5BD78F0FC19E6C = {isa = PBXFileReference; lastKnownFileType = sourcecode.swift; path = "AudioLabComparisonView.swift"; sourceTree = "<group>"; };
		90F2ADBE7B36EF07CB46E1CF = {isa = PBXFileReference; lastKnownFileType = sourcecode.swift; path = "AudioLabFixtures.swift"; sourceTree = "<group>"; };
		30A1249A8DFB4652F53CE56D = {isa = PBXFileReference; lastKnownFileType = sourcecode.swift; path = AudioSchedulingTests.swift; sourceTree = "<group>"; };
		D76F7DCE83148E0977D42F4F = {isa = PBXFileReference; lastKnownFileType = sourcecode.swift; path = PlaybackNowPlayingTests.swift; sourceTree = "<group>"; };
		2804D820C382177C62E11228 = {isa = PBXFileReference; lastKnownFileType = sourcecode.swift; path = Playback/LocalAudioWorker.swift; sourceTree = "<group>"; };
		CCF1F07C6DEA6CCD122B6BC1 = {isa = PBXFileReference; lastKnownFileType = sourcecode.swift; path = AudioRetirementTests.swift; sourceTree = "<group>"; };
		AC2800000000000000000001 = {isa = PBXFileReference; lastKnownFileType = sourcecode.swift; path = ArtworkStore.swift; sourceTree = "<group>"; };
		AC2800000000000000000002 = {isa = PBXFileReference; lastKnownFileType = sourcecode.swift; path = ArtworkRetention.swift; sourceTree = "<group>"; };
		AC2800000000000000000003 = {isa = PBXFileReference; lastKnownFileType = sourcecode.swift; path = ArtworkStoreTests.swift; sourceTree = "<group>"; };
/* End PBXFileReference section */

/* Begin PBXFrameworksBuildPhase section */
		2B5BE8CDD554117262CDACC9 /* Frameworks */ = {
			isa = PBXFrameworksBuildPhase;
			buildActionMask = 2147483647;
			files = (
			);
			runOnlyForDeploymentPostprocessing = 0;
		};
		326A678791C89F5FAABDFBFA /* Frameworks */ = {
			isa = PBXFrameworksBuildPhase;
			buildActionMask = 2147483647;
			files = (
			);
			runOnlyForDeploymentPostprocessing = 0;
		};
		AB1000000000000000000012 = {
			isa = PBXFrameworksBuildPhase;
			buildActionMask = 2147483647;
			files = (
			);
			runOnlyForDeploymentPostprocessing = 0;
		};
/* End PBXFrameworksBuildPhase section */

/* Begin PBXGroup section */
		3C3B0F03DC089F93B8457928 /* Podcst */ = {
			isa = PBXGroup;
			children = (
				AC2800000000000000000001,
				AC2800000000000000000002,
				2804D820C382177C62E11228,
				C96F62A08467C6B284423573,
				4A0A9B4B81C3FA0B6B09C2B6,
				1C8D790B0680332B67AD4D78,
				803D70EC12218D1A1A8668EE,
				F51489B7D9F10CD28113E8D5,
				4ECB540D702E141A18DDE982,
				275A938D623C4E7A346A1823,
				81C26C3039C5F5764A76A028,
				A690F8948F34D9FD2269A63E,
				DDAEA93B53C6007FC2948986,
				1C00679BE348417E142A1D3B,
				30F550D855C0FE0D3150A7A1,
				6D747C3F9FF32E7F3DA9C178,
				33AF693903248698639AE904,
				60115100CDBB57EE483CEFBF,
				751258073276A4561FB50C12,
				66901724E3390218A59F91E6,
				4EB1CF9AC787100216BACF87,
				F65EBD8CDAC3B8F695D021CF,
				A01500000000000000000005 /* Playback/LocalAudioTransport.swift */,
				A01500000000000000000004 /* Playback/LocalAudioDecoder.swift */,
				A01500000000000000000003 /* Playback/Native/PodcstAudio-Bridging-Header.h */,
				A01500000000000000000002 /* Playback/Native/PodcstLimiterAudioUnit.mm */,
				A01500000000000000000001 /* Playback/Native/PodcstLimiterAudioUnit.h */,
				9E3F6A07B2D14C85E6A1F3D9 /* Assets.xcassets */,
				3C2869B1B1D5A358576E332C /* Core/APIClient.swift */,
				60117ACA4B7F8539E828D834 /* Core/LibraryStore.swift */,
				E2A357A35D6089D818A2411D /* Core/Models.swift */,
				77C4331C2AF45370D4B5CB18 /* Core/SessionStore.swift */,
				B941FFDDBFA04FFC50847F9C /* DiscoverView.swift */,
				B56A8841AF99B2422E9F26A5 /* LibraryView.swift */,
				A01000000000000000000001 /* Playback/PlaybackTransport.swift */,
				A01000000000000000000003 /* Playback/AVPlayerTransport.swift */,
				30B7386D236ECEA70A9B7EB8 /* Playback/PlaybackController.swift */,
				F372CC719A9355C7B57516AF /* PodcstApp.swift */,
				D93CD43E71868DB1B23962D7 /* QueueView.swift */,
				115A9B040A2E64A464D8C75F /* RootView.swift */,
				F754A39CE6B3C70CF8228342 /* SettingsView.swift */,
				F9D6E69B6BD7D99E5E6B4C1A /* Podcst.entitlements */,
				E95984C2429031F651BE7C6F /* Theme.swift */,
				2FF58CC5CDAD096FA7DE89F1 /* Fonts/Inter.ttf */,
				7560420A003084CB2158B661 /* Fonts/InstrumentSerif-Italic.ttf */,
				193AA15CFD5F283A14F3D79A /* Fonts/InstrumentSerif-Regular.ttf */,
				E416E3A875DC6730D0A0DB90 /* PodcastView.swift */,
				2FD9A62BC0E37CF364CFA2E2 /* OnboardingView.swift */,
				0B641C1E84C37A6A1F2B3869 /* SearchView.swift */,
				929F53E424189EAB89F33BA4 /* NowPlayingView.swift */,
				CB3C7E807DE826D4DA0ED18C /* Components.swift */,
				260F9B201B85D962396DD359 /* Core/ShowNotes.swift */,
			);
			path = Podcst;
			sourceTree = "<group>";
		};
		615B463D1028E4E24B674CF7 /* Products */ = {
			isa = PBXGroup;
			children = (
				4E783A9E10D2A8ABA38CD11C /* Podcst.app */,
				AB1000000000000000000014 /* AudioLab.app */,
				6C7CCDEB3609F1FAA874E941 /* PodcstTests.xctest */,
			);
			name = Products;
			sourceTree = "<group>";
		};
		870B3294C0CBD48AF6BBCC1B = {
			isa = PBXGroup;
			children = (
				AB1000000000000000000024,
				3C3B0F03DC089F93B8457928 /* Podcst */,
				AB1000000000000000000020 /* AudioLab */,
				A619C04D8A87AB070162A099 /* PodcstTests */,
				615B463D1028E4E24B674CF7 /* Products */,
			);
			sourceTree = "<group>";
		};
		A619C04D8A87AB070162A099 /* PodcstTests */ = {
			isa = PBXGroup;
			children = (
				AC2800000000000000000003,
				CCF1F07C6DEA6CCD122B6BC1,
				D76F7DCE83148E0977D42F4F,
				30A1249A8DFB4652F53CE56D,
				38C22A5AA53107A39CB0D89D,
				2AB743E4ADA8F159A37D017C,
				4D9F13472DBF461ED5F6D58E,
				9D5CECAB09B2F497B2D8B156,
				18E14DA3DD9ED2F8E6C11FEF,
				069B4F2A62D3542804C4B51C,
				22F4A8E234B2001B7205A91C,
				F1000643AFB0573AAC0A3ECD,
				34A3A3D752678985E2838520,
				0ED73CCFF72D72605652C392,
				9BCC9A45B925432B633FA664,
				A01500000000000000000008 /* NativeRenderTests.mm */,
				A01500000000000000000007 /* LocalAudioTests.swift */,
				B8D72E4C0F614A5C9E2F1D36 /* FeedCacheTests.swift */,
				20A41063775FC41C3DF79D8A /* PlaybackTests.swift */,
			);
			path = PodcstTests;
			sourceTree = "<group>";
		};
		AB1000000000000000000020 /* AudioLab */ = {
			isa = PBXGroup;
			children = (
				90F2ADBE7B36EF07CB46E1CF,
				16002EED7D5BD78F0FC19E6C,
				B3DCC8C092A2135095B93AD7,
				0065D03CD093FEF4214AB838,
				AB1000000000000000000021,
				D92800000000000000000001,
				A01500000000000000000006 /* LocalAudioHarnessView.swift */,
				AB1000000000000000000022,
				AB1000000000000000000023,
			);
			path = AudioLab;
			sourceTree = "<group>";
		};
/* End PBXGroup section */

/* Begin PBXAggregateTarget section */
		AB1000000000000000000001 /* PodcstAudioEngine */ = {
			isa = PBXAggregateTarget;
			buildConfigurationList = AB1000000000000000000002;
			buildPhases = (
				A01500000000000000000040 /* Build native audio */,
			);
			dependencies = (
			);
			name = PodcstAudioEngine;
			productName = PodcstAudioEngine;
		};
/* End PBXAggregateTarget section */

/* Begin PBXNativeTarget section */
		C062A5A4A7F4F37DD90F54CB /* PodcstTests */ = {
			isa = PBXNativeTarget;
			buildConfigurationList = 9B99CF4B19272F3EA96013AF /* Build configuration list for PBXNativeTarget "PodcstTests" */;
			buildPhases = (
				78A10A681B05EBFA9A1352B2 /* Sources */,
				2B5BE8CDD554117262CDACC9 /* Frameworks */,
				A02800000000000000000040,
			);
			buildRules = (
			);
			dependencies = (
				E8C3F0C7A6B8F1D4E2AA2F31 /* PBXTargetDependency */,
			);
			name = PodcstTests;
			productName = PodcstTests;
			productReference = 6C7CCDEB3609F1FAA874E941 /* PodcstTests.xctest */;
			productType = "com.apple.product-type.bundle.unit-test";
		};
		F75109BEB4DD8800DA6B45F8 /* Podcst */ = {
			isa = PBXNativeTarget;
			buildConfigurationList = 9B6672C266C16D03628B29C8 /* Build configuration list for PBXNativeTarget "Podcst" */;
			buildPhases = (
				92D7B756AF3AA5E88F7FDB23 /* Sources */,
				326A678791C89F5FAABDFBFA /* Frameworks */,
				650A1135D1611B9D2FFB37C0 /* Resources */,
			);
			buildRules = (
			);
			dependencies = (
				AB1000000000000000000006,
			);
			name = Podcst;
			productName = Podcst;
			productReference = 4E783A9E10D2A8ABA38CD11C /* Podcst.app */;
			productType = "com.apple.product-type.application";
		};
		AB1000000000000000000010 /* AudioLab */ = {
			isa = PBXNativeTarget;
			buildConfigurationList = AB1000000000000000000015;
			buildPhases = (
				AB1000000000000000000011 /* Sources */,
				AB1000000000000000000012 /* Frameworks */,
				AB1000000000000000000013 /* Resources */,
				AB1000000000000000000040,
			);
			buildRules = (
			);
			dependencies = (
				AB1000000000000000000008,
			);
			name = AudioLab;
			productName = AudioLab;
			productReference = AB1000000000000000000014 /* AudioLab.app */;
			productType = "com.apple.product-type.application";
		};
/* End PBXNativeTarget section */

/* Begin PBXProject section */
		98F54143AB4E86B28C3AFEE0 /* Project object */ = {
			isa = PBXProject;
			attributes = {
				LastUpgradeCheck = 2700;
				ORGANIZATIONNAME = Podcst;
				TargetAttributes = {
					C062A5A4A7F4F37DD90F54CB = {
						CreatedOnToolsVersion = 27.0;
						TestTargetID = F75109BEB4DD8800DA6B45F8;
					};
					F75109BEB4DD8800DA6B45F8 = {
						CreatedOnToolsVersion = 27.0;
					};
					AB1000000000000000000010 = {
						CreatedOnToolsVersion = 27.0;
					};
					AB1000000000000000000001 = {
						CreatedOnToolsVersion = 27.0;
					};
				};
			};
			buildConfigurationList = 3ECEDC1D48F60586160C9438 /* Build configuration list for PBXProject "Podcst" */;
			compatibilityVersion = "Xcode 14.0";
			developmentRegion = en;
			hasScannedForEncodings = 0;
			knownRegions = (
				en,
				Base,
			);
			mainGroup = 870B3294C0CBD48AF6BBCC1B;
			productRefGroup = 615B463D1028E4E24B674CF7 /* Products */;
			projectDirPath = "";
			projectRoot = "";
			targets = (
				F75109BEB4DD8800DA6B45F8 /* Podcst */,
				AB1000000000000000000010 /* AudioLab */,
				C062A5A4A7F4F37DD90F54CB /* PodcstTests */,
				AB1000000000000000000001 /* PodcstAudioEngine */,
			);
		};
/* End PBXProject section */

/* Begin PBXResourcesBuildPhase section */
		650A1135D1611B9D2FFB37C0 /* Resources */ = {
			isa = PBXResourcesBuildPhase;
			buildActionMask = 2147483647;
			files = (
				F693358E0569879CCE89CB31 /* Fonts/InstrumentSerif-Regular.ttf in Resources */,
				868D1B2DA0B00B16D87042DD /* Fonts/InstrumentSerif-Italic.ttf in Resources */,
				C5D57C3090625EEBBCFC79BF /* Fonts/Inter.ttf in Resources */,
				4A7C2E91D03B58F6A1E4C7B2 /* Assets.xcassets in Resources */,
			);
			runOnlyForDeploymentPostprocessing = 0;
		};
		AB1000000000000000000013 /* Resources */ = {
			isa = PBXResourcesBuildPhase;
			buildActionMask = 2147483647;
			files = (
				AB1000000000000000000033,
				AB1000000000000000000034,
				AB1000000000000000000035,
				AB1000000000000000000032,
			);
			runOnlyForDeploymentPostprocessing = 0;
		};
/* End PBXResourcesBuildPhase section */

/* Begin PBXShellScriptBuildPhase section */
		A01500000000000000000040 /* Build native audio */ = {
			isa = PBXShellScriptBuildPhase;
			alwaysOutOfDate = 1;
			buildActionMask = 2147483647;
			files = (
			);
			inputPaths = (
			);
			name = "Build native audio";
			outputPaths = (
				"$(BUILT_PRODUCTS_DIR)/libpodcst_audio_engine.a",
			);
			runOnlyForDeploymentPostprocessing = 0;
			shellPath = /bin/bash;
			shellScript = "\"$SRCROOT/../audio-engine/scripts/build-xcode.sh\"";
		};

		A02800000000000000000040 = {
			isa = PBXShellScriptBuildPhase;
			buildActionMask = 2147483647;
			files = ();
			inputPaths = ("$(SRCROOT)/scripts/build-test-audio.sh");
			name = "Generate test audio";
			outputPaths = ("$(TARGET_BUILD_DIR)/$(UNLOCALIZED_RESOURCES_FOLDER_PATH)/progressive-vbr.mp3", "$(TARGET_BUILD_DIR)/$(UNLOCALIZED_RESOURCES_FOLDER_PATH)/fallback-surround.m4a");
			runOnlyForDeploymentPostprocessing = 0;
			shellPath = /bin/bash;
			shellScript = "bash \"$SRCROOT/scripts/build-test-audio.sh\"";
		};
		AB1000000000000000000040 = {
			isa = PBXShellScriptBuildPhase;
			alwaysOutOfDate = 1;
			buildActionMask = 2147483647;
			files = ();
			inputPaths = ("$(SRCROOT)/scripts/audio-lab-build-metadata.sh");
			name = "Stamp Audio Lab build";
			outputPaths = ("$(TARGET_BUILD_DIR)/$(UNLOCALIZED_RESOURCES_FOLDER_PATH)/AudioLabBuild.json");
			runOnlyForDeploymentPostprocessing = 0;
			shellPath = /bin/bash;
			shellScript = "/bin/bash \"$SRCROOT/scripts/audio-lab-build-metadata.sh\"";
			showEnvVarsInLog = 0;
		};
/* End PBXShellScriptBuildPhase section */

/* Begin PBXSourcesBuildPhase section */
		78A10A681B05EBFA9A1352B2 /* Sources */ = {
			isa = PBXSourcesBuildPhase;
			buildActionMask = 2147483647;
			files = (
				AC2800000000000000000014,
				F1EBB576915CDFAD37BDEC80,
				D0CF9999271A713BB3876BB4,
				35224A28FC434849EDE18D6C,
				FE29041F6C9214B6F4681CCD,
				E82783F30BFA26C5D55FE689,
				54DE3C565A20C8A6F59F7004,
				7693D81C239C225BC1344815,
				3FBEDBE118BCE9D655083028,
				60395D230B1BE0B0918BEA42,
				582540813314419E625212E3,
				5F7FC50569CEFA2E61D4BD5F,
				91E35F20E47383995C491E72,
				83D7524C10DFCCF0D1F83349,
				AF4EF711E70D4F757A9BF4EF,
				A01500000000000000000018 /* NativeRenderTests.mm in Sources */,
				A01500000000000000000017 /* LocalAudioTests.swift in Sources */,
				A3E541D0B85A4C6F9D3E7B21 /* FeedCacheTests.swift in Sources */,
				6F68F06B673CE6B12194ED83 /* PlaybackTests.swift in Sources */,
			);
			runOnlyForDeploymentPostprocessing = 0;
		};
		92D7B756AF3AA5E88F7FDB23 /* Sources */ = {
			isa = PBXSourcesBuildPhase;
			buildActionMask = 2147483647;
			files = (
				AC2800000000000000000011,
				AC2800000000000000000013,
				82189A7933BEEDF621E48A00,
				40591B621A00B21FAF4C2802,
				2BD41B943113E142AF7D40DE,
				C6D5778C51D9818D1993865F,
				01831B70CA7AE0D8732FD73F,
				5EF630DE2C85684AA6F0151F,
				C0D52B7E04F2923BCB429365,
				42D95E08762A98DA18C16021,
				F649DE507EF884AE5243A416,
				0719F681B5A307B24E29F31E,
				9B2DB46CC84579F8A7D45C3D,
				5C4ACB03DF29597B3B7E42E8,
				7220E0F24ED6418357D9E1F0,
				85B85935D96E07FFAA9B6BEC,
				87A60D1E5A97DF14FF9FB808,
				F342B6E15A36F4D370CDC6A4,
				A5EF66A8FB7D9FC358BC6568,
				2CAFEC8D879AA60B35CA526A,
				A01500000000000000000015 /* Playback/LocalAudioTransport.swift in Sources */,
				A01500000000000000000014 /* Playback/LocalAudioDecoder.swift in Sources */,
				A01500000000000000000012 /* Playback/Native/PodcstLimiterAudioUnit.mm in Sources */,
				7B593FE8762E76C85CC81150 /* Core/APIClient.swift in Sources */,
				A9F95465554040AFD6737C4A /* Core/LibraryStore.swift in Sources */,
				8DAEA6A3A34B7B9C8E55EB45 /* Core/Models.swift in Sources */,
				6A9AFF4B84ECC8BBB1F90668 /* Core/SessionStore.swift in Sources */,
				D85A7146F885996C903E05C6 /* DiscoverView.swift in Sources */,
				0CFBEBF3E82F8CAFDD299718 /* LibraryView.swift in Sources */,
				A01000000000000000000002 /* Playback/PlaybackTransport.swift in Sources */,
				A01000000000000000000004 /* Playback/AVPlayerTransport.swift in Sources */,
				E835B2CD5F887821EE8FFC7F /* Playback/PlaybackController.swift in Sources */,
				D7D4261645E1200A88D5E7EF /* PodcstApp.swift in Sources */,
				366C052B27F2FECD258853EB /* QueueView.swift in Sources */,
				D07D33E6EB9F55B36B8D3605 /* RootView.swift in Sources */,
				EF8431AC2777E551414F7BB6 /* SettingsView.swift in Sources */,
				A74D0AEC5B22145C18B557DE /* Theme.swift in Sources */,
				322180658A7A40B716FD6FE7 /* PodcastView.swift in Sources */,
				76802BE222B29E2564AB0137 /* OnboardingView.swift in Sources */,
				0EC5B114FA482DA96E18D17E /* SearchView.swift in Sources */,
				980DE9686E8D84937EE46ECA /* NowPlayingView.swift in Sources */,
				7D4E88272EBF9DE023F2D8B0 /* Components.swift in Sources */,
				909BCC4BDD2762528AB96152 /* Core/ShowNotes.swift in Sources */,
			);
			runOnlyForDeploymentPostprocessing = 0;
		};
		AB1000000000000000000011 /* Sources */ = {
			isa = PBXSourcesBuildPhase;
			buildActionMask = 2147483647;
			files = (
				AC2800000000000000000012,
				0D2DAEFDC659968964551E41,
				C7D2332023618C336CD89BD7,
				157F7254FC2C6775D18121A4,
				BDF5D5EBC3D268368AABF26A,
				511C95E86F50246997EF70AD,
				271ECE1C2989812631696FC6,
				A5D41C5980F53DF441B6F24B,
				E7968722E97668A45D8C589A,
				AB1000000000000000000031,
				D92800000000000000000002,
				A01500000000000000000016 /* LocalAudioHarnessView.swift in Sources */,
				AB2000000000000000000100,
				AB2000000000000000000101,
				AB2000000000000000000102,
				AB2000000000000000000103,
				AB2000000000000000000104,
				AB2000000000000000000105,
				AB2000000000000000000106,
				AB2000000000000000000107,
				AB2000000000000000000108,
				AB2000000000000000000109,
				AB2000000000000000000110,
				AB2000000000000000000111,
				AB2000000000000000000112,
				AB2000000000000000000113,
				AB2000000000000000000114,
				AB2000000000000000000115,
				AB2000000000000000000116,
				AB2000000000000000000117,
				AB2000000000000000000118,
				AB2000000000000000000119,
				AB2000000000000000000120,
				AB2000000000000000000121,
				AB2000000000000000000122,
				AB2000000000000000000123,
				AB2000000000000000000124,
				AB2000000000000000000125,
				AB2000000000000000000126,
				AB2000000000000000000127,
				AB2000000000000000000128,
				AB2000000000000000000129,
				AB2000000000000000000130,
				AB2000000000000000000131,
				AB2000000000000000000132,
				AB2000000000000000000133,
				AB2000000000000000000134,
				AB2000000000000000000135,
			);
			runOnlyForDeploymentPostprocessing = 0;
		};
/* End PBXSourcesBuildPhase section */

/* Begin PBXTargetDependency section */
		E8C3F0C7A6B8F1D4E2AA2F31 /* PBXTargetDependency */ = {
			isa = PBXTargetDependency;
			target = F75109BEB4DD8800DA6B45F8 /* Podcst */;
			targetProxy = C0A1B2C3D4E5F60718293A4B /* PBXContainerItemProxy */;
		};
		AB1000000000000000000006 = {
			isa = PBXTargetDependency;
			target = AB1000000000000000000001 /* PodcstAudioEngine */;
			targetProxy = AB1000000000000000000005;
		};
		AB1000000000000000000008 = {
			isa = PBXTargetDependency;
			target = AB1000000000000000000001 /* PodcstAudioEngine */;
			targetProxy = AB1000000000000000000007;
		};
/* End PBXTargetDependency section */

/* Begin XCBuildConfiguration section */
		D12546C7310DEE778E55E187 /* Debug */ = {
			isa = XCBuildConfiguration;
			buildSettings = {
				ALWAYS_SEARCH_USER_PATHS = NO;
				CLANG_CXX_LANGUAGE_STANDARD = "c++17";
				CLANG_ENABLE_MODULES = YES;
				CLANG_ENABLE_OBJC_ARC = YES;
				CODE_SIGN_STYLE = Automatic;
				CURRENT_PROJECT_VERSION = 1;
				DEBUG_INFORMATION_FORMAT = dwarf;
				DEVELOPMENT_TEAM = DBD4H768ZS;
				GCC_C_LANGUAGE_STANDARD = gnu17;
				GCC_NO_COMMON_BLOCKS = YES;
				HEADER_SEARCH_PATHS = (
					"$(inherited)",
					"$(SRCROOT)/../audio-engine/include",
					"$(SRCROOT)/Podcst/Playback/Native",
				);
				IPHONEOS_DEPLOYMENT_TARGET = 18.0;
				LD_RUNPATH_SEARCH_PATHS = (
					"$(inherited)",
					"@executable_path/Frameworks",
				);
				SDKROOT = iphoneos;
				SWIFT_VERSION = 6.0;
				TARGETED_DEVICE_FAMILY = "1,2";
				ENABLE_TESTABILITY = YES;
				SWIFT_ACTIVE_COMPILATION_CONDITIONS = "$(inherited) DEBUG";
			};
			name = Debug;
		};
		AA23A758EC6A71B7321371F8 /* Release */ = {
			isa = XCBuildConfiguration;
			buildSettings = {
				ALWAYS_SEARCH_USER_PATHS = NO;
				CLANG_CXX_LANGUAGE_STANDARD = "c++17";
				CLANG_ENABLE_MODULES = YES;
				CLANG_ENABLE_OBJC_ARC = YES;
				CODE_SIGN_STYLE = Automatic;
				CURRENT_PROJECT_VERSION = 1;
				DEBUG_INFORMATION_FORMAT = dwarf;
				DEVELOPMENT_TEAM = DBD4H768ZS;
				GCC_C_LANGUAGE_STANDARD = gnu17;
				GCC_NO_COMMON_BLOCKS = YES;
				HEADER_SEARCH_PATHS = (
					"$(inherited)",
					"$(SRCROOT)/../audio-engine/include",
					"$(SRCROOT)/Podcst/Playback/Native",
				);
				IPHONEOS_DEPLOYMENT_TARGET = 18.0;
				LD_RUNPATH_SEARCH_PATHS = (
					"$(inherited)",
					"@executable_path/Frameworks",
				);
				SDKROOT = iphoneos;
				SWIFT_VERSION = 6.0;
				TARGETED_DEVICE_FAMILY = "1,2";
			};
			name = Release;
		};
		F8A000F6C06CBAF02E297063 /* Debug */ = {
			isa = XCBuildConfiguration;
			baseConfigurationReference = AB1000000000000000000024;
			buildSettings = {
				CODE_SIGN_ENTITLEMENTS = Podcst/Podcst.entitlements;
				INFOPLIST_FILE = Podcst/Info.plist;
				INFOPLIST_KEY_CFBundleDisplayName = "Podcst - Listen to your favorite podcasts anywhere";
				INFOPLIST_KEY_LSApplicationCategoryType = "public.app-category.news";
				PRODUCT_BUNDLE_IDENTIFIER = app.podcst.ios;
				PRODUCT_NAME = Podcst;
			};
			name = Debug;
		};
		B2DB900C1DBD2C369C18C79F /* Release */ = {
			isa = XCBuildConfiguration;
			baseConfigurationReference = AB1000000000000000000024;
			buildSettings = {
				CODE_SIGN_ENTITLEMENTS = Podcst/Podcst.entitlements;
				INFOPLIST_FILE = Podcst/Info.plist;
				INFOPLIST_KEY_CFBundleDisplayName = "Podcst - Listen to your favorite podcasts anywhere";
				INFOPLIST_KEY_LSApplicationCategoryType = "public.app-category.news";
				PRODUCT_BUNDLE_IDENTIFIER = app.podcst.ios;
				PRODUCT_NAME = Podcst;
			};
			name = Release;
		};
		AB1000000000000000000016 /* Debug */ = {
			isa = XCBuildConfiguration;
			baseConfigurationReference = AB1000000000000000000024;
			buildSettings = {
				ENABLE_USER_SCRIPT_SANDBOXING = NO;
				INFOPLIST_FILE = AudioLab/Info.plist;
				PRODUCT_BUNDLE_IDENTIFIER = app.podcst.ios.audiolab;
				PRODUCT_NAME = AudioLab;
			};
			name = Debug;
		};
		AB1000000000000000000017 /* Release */ = {
			isa = XCBuildConfiguration;
			baseConfigurationReference = AB1000000000000000000024;
			buildSettings = {
				ENABLE_USER_SCRIPT_SANDBOXING = NO;
				INFOPLIST_FILE = AudioLab/Info.plist;
				PRODUCT_BUNDLE_IDENTIFIER = app.podcst.ios.audiolab;
				PRODUCT_NAME = AudioLab;
			};
			name = Release;
		};
		C9F0D88F895259AE7E99C579 /* Debug */ = {
			isa = XCBuildConfiguration;
			buildSettings = {
				BUNDLE_LOADER = "$(TEST_HOST)";
				INFOPLIST_FILE = PodcstTests/Info.plist;
				PRODUCT_BUNDLE_IDENTIFIER = app.podcst.ios.tests;
				PRODUCT_NAME = PodcstTests;
				TEST_HOST = "$(BUILT_PRODUCTS_DIR)/Podcst.app/Podcst";
			};
			name = Debug;
		};
		9B624F4150330A230A5C6095 /* Release */ = {
			isa = XCBuildConfiguration;
			buildSettings = {
				BUNDLE_LOADER = "$(TEST_HOST)";
				INFOPLIST_FILE = PodcstTests/Info.plist;
				PRODUCT_BUNDLE_IDENTIFIER = app.podcst.ios.tests;
				PRODUCT_NAME = PodcstTests;
				TEST_HOST = "$(BUILT_PRODUCTS_DIR)/Podcst.app/Podcst";
			};
			name = Release;
		};
		AB1000000000000000000003 /* Debug */ = {
			isa = XCBuildConfiguration;
			buildSettings = {
				ENABLE_USER_SCRIPT_SANDBOXING = NO;
				PRODUCT_NAME = "$(TARGET_NAME)";
			};
			name = Debug;
		};
		AB1000000000000000000004 /* Release */ = {
			isa = XCBuildConfiguration;
			buildSettings = {
				ENABLE_USER_SCRIPT_SANDBOXING = NO;
				PRODUCT_NAME = "$(TARGET_NAME)";
			};
			name = Release;
		};
/* End XCBuildConfiguration section */

/* Begin XCConfigurationList section */
		3ECEDC1D48F60586160C9438 /* Build configuration list for PBXProject "Podcst" */ = {
			isa = XCConfigurationList;
			buildConfigurations = (
				D12546C7310DEE778E55E187 /* Debug */,
				AA23A758EC6A71B7321371F8 /* Release */,
			);
			defaultConfigurationIsVisible = 0;
			defaultConfigurationName = Release;
		};
		9B6672C266C16D03628B29C8 /* Build configuration list for PBXNativeTarget "Podcst" */ = {
			isa = XCConfigurationList;
			buildConfigurations = (
				F8A000F6C06CBAF02E297063 /* Debug */,
				B2DB900C1DBD2C369C18C79F /* Release */,
			);
			defaultConfigurationIsVisible = 0;
			defaultConfigurationName = Release;
		};
		9B99CF4B19272F3EA96013AF /* Build configuration list for PBXNativeTarget "PodcstTests" */ = {
			isa = XCConfigurationList;
			buildConfigurations = (
				C9F0D88F895259AE7E99C579 /* Debug */,
				9B624F4150330A230A5C6095 /* Release */,
			);
			defaultConfigurationIsVisible = 0;
			defaultConfigurationName = Release;
		};
		AB1000000000000000000015 /* Build configuration list for PBXNativeTarget "AudioLab" */ = {
			isa = XCConfigurationList;
			buildConfigurations = (
				AB1000000000000000000016 /* Debug */,
				AB1000000000000000000017 /* Release */,
			);
			defaultConfigurationIsVisible = 0;
			defaultConfigurationName = Release;
		};
		AB1000000000000000000002 /* Build configuration list for PBXAggregateTarget "PodcstAudioEngine" */ = {
			isa = XCConfigurationList;
			buildConfigurations = (
				AB1000000000000000000003 /* Debug */,
				AB1000000000000000000004 /* Release */,
			);
			defaultConfigurationIsVisible = 0;
			defaultConfigurationName = Release;
		};
/* End XCConfigurationList section */
	};
	rootObject = 98F54143AB4E86B28C3AFEE0 /* Project object */;
}
